
Microsoft Visual Studio Solution File, Format Version 12.00
# Visual Studio 15
VisualStudioVersion = 15.0.28307.1062
MinimumVisualStudioVersion = 10.0.40219.1
Project("{FAE04EC0-301F-11D3-BF4B-00C04F79EFBC}") = "UnitTestProjectForAssemblySlicing", "UnitTestProjectForAssemblySlicing\UnitTestProjectForAssemblySlicing.csproj", "{65CD801E-BDF2-4BEC-9F58-31AE7C7807D7}"
EndProject
Project("{FAE04EC0-301F-11D3-BF4B-00C04F79EFBC}") = "TImeBasedSlicing", "TImeBasedSlicing\TImeBasedSlicing.csproj", "{01DCDC2E-16F4-4FC5-80E9-B10693F0A1C1}"
EndProject
Project("{FAE04EC0-301F-11D3-BF4B-00C04F79EFBC}") = "FlakyTest", "FlakyTest\FlakyTest.csproj", "{A8CAD543-B5AB-475E-9410-B37435931AE3}"
EndProject
Global
	GlobalSection(SolutionConfigurationPlatforms) = preSolution
		Debug|Any CPU = Debug|Any CPU
		Release|Any CPU = Release|Any CPU
	EndGlobalSection
	GlobalSection(ProjectConfigurationPlatforms) = postSolution
		{65CD801E-BDF2-4BEC-9F58-31AE7C7807D7}.Debug|Any CPU.ActiveCfg = Debug|Any CPU
		{65CD801E-BDF2-4BEC-9F58-31AE7C7807D7}.Debug|Any CPU.Build.0 = Debug|Any CPU
		{65CD801E-BDF2-4BEC-9F58-31AE7C7807D7}.Release|Any CPU.ActiveCfg = Release|Any CPU
		{65CD801E-BDF2-4BEC-9F58-31AE7C7807D7}.Release|Any CPU.Build.0 = Release|Any CPU
		{01DCDC2E-16F4-4FC5-80E9-B10693F0A1C1}.Debug|Any CPU.ActiveCfg = Debug|Any CPU
		{01DCDC2E-16F4-4FC5-80E9-B10693F0A1C1}.Debug|Any CPU.Build.0 = Debug|Any CPU
		{01DCDC2E-16F4-4FC5-80E9-B10693F0A1C1}.Release|Any CPU.ActiveCfg = Release|Any CPU
		{01DCDC2E-16F4-4FC5-80E9-B10693F0A1C1}.Release|Any CPU.Build.0 = Release|Any CPU
		{A8CAD543-B5AB-475E-9410-B37435931AE3}.Debug|Any CPU.ActiveCfg = Debug|Any CPU
		{A8CAD543-B5AB-475E-9410-B37435931AE3}.Debug|Any CPU.Build.0 = Debug|Any CPU
		{A8CAD543-B5AB-475E-9410-B37435931AE3}.Release|Any CPU.ActiveCfg = Release|Any CPU
		{A8CAD543-B5AB-475E-9410-B37435931AE3}.Release|Any CPU.Build.0 = Release|Any CPU
	EndGlobalSection
	GlobalSection(SolutionProperties) = preSolution
		HideSolutionNode = FALSE
	EndGlobalSection
	GlobalSection(ExtensibilityGlobals) = postSolution
		SolutionGuid = {EE8C28B2-2A6C-4319-9072-F734035507D4}
	EndGlobalSection
EndGlobal
